quay.io/cilium/cilium:v1.19.5	quay.io/cilium/cilium@sha256:5c015f48229b4794e11d8334745e397b3e787e04c3c7b2cc797af290e20d8f62
quay.io/cilium/operator-generic:v1.19.5	quay.io/cilium/operator-generic@sha256:b1ef1a6e3a35ef65cc089095b970dcd4c2e2476b96911df016ea2adc7172441a
quay.io/cilium/hubble-relay:v1.19.5	quay.io/cilium/hubble-relay@sha256:741adc6bd50633cce44ff3336490ab8d5312aef7c14b1562ec6ff6d55cea69b1
quay.io/cilium/hubble-ui-backend:v0.13.3	quay.io/cilium/hubble-ui-backend@sha256:87cd916355cb56798a2d90cd46d3e5694c6e99412515e7ac123fd194d53fe736
quay.io/cilium/hubble-ui:v0.13.3	quay.io/cilium/hubble-ui@sha256:97984d00bbd7fb233a71255b98c83ef203efae43be9a268d0e9e0483c30c0256
ghcr.io/nginx/nginx-gateway-fabric:2.5.1	ghcr.io/nginx/nginx-gateway-fabric@sha256:30172fc9bdebd145c250e81500b6112f989afd9956e0e7606f504bf16de28f88
ghcr.io/nginx/nginx-gateway-fabric/nginx:2.5.1	ghcr.io/nginx/nginx-gateway-fabric/nginx@sha256:908376c8bc6b99e48312a212116f3a548805a94619484640617d89ff79514989
quay.io/argoproj/argocd:v3.4.4	quay.io/argoproj/argocd@sha256:22930b639b9b06e002304c56aa2bbba444b012e2a01529494dc4e8cc81eb6931
ecr-public.aws.com/docker/library/redis:8.2.7-alpine	-
docker.gitea.com/gitea:1.26.4-rootless	docker.gitea.com/gitea@sha256:d739144f0bafcbb0e5b28b692637ba4b008809e61816cbd94477d9d32ed9c60b
dhi.io/kyverno:1.18.1-debian13	dhi.io/kyverno@sha256:4e1de33ffab63a796635e6cc4f03b4fe6b9adc457b36ba387ead7a1a43ef7657
dhi.io/kyverno-init:1.18.1-debian13	dhi.io/kyverno-init@sha256:f27a37c273d8044bca8bd111563318f77ec5535c2fcaaa9b71f1e2e0d9760831
dhi.io/kyverno-background-controller:1.18.1-debian13	dhi.io/kyverno-background-controller@sha256:b5f19d596613d83e3066f85cd6abfe6d3503f4e58de8f3abfafaef6d947a5621
dhi.io/kyverno-cleanup-controller:1.18.1-debian13	dhi.io/kyverno-cleanup-controller@sha256:9b683858f08aad9ffc04c797dceb01bec4dc220f4ccb6d1120abf026f3a5ec8a
dhi.io/kyverno-reports-controller:1.18.1-debian13	dhi.io/kyverno-reports-controller@sha256:c9382adfb96f113c8087c125aca572191667a951124f5951df87bb3489d7e39b
ghcr.io/kyverno/readiness-checker:v0.1.0	ghcr.io/kyverno/readiness-checker@sha256:c54c0aa24d536f7a31ed854db4f2b2d6863b41d7d85725e21f80cd318c4e815b
quay.io/jetstack/cert-manager-controller:v1.21.0	quay.io/jetstack/cert-manager-controller@sha256:11494ff2aae47908ef33bc436660e605fec3809dafda35cdb777939909fa0253
quay.io/jetstack/cert-manager-webhook:v1.21.0	quay.io/jetstack/cert-manager-webhook@sha256:c58bea1e83746e990d5622f39c636896a2eddfb6a871e785ae378f7dfb8ec538
quay.io/jetstack/cert-manager-cainjector:v1.21.0	quay.io/jetstack/cert-manager-cainjector@sha256:0583d676e24d4ff0d183342228be379e1ba420c74122bb9bcffeac4727b09248
quay.io/jetstack/cert-manager-startupapicheck:v1.21.0	quay.io/jetstack/cert-manager-startupapicheck@sha256:6ad5099ec38fc74b4950073147b223cf70a454e960af87c29323859d544f6106
quay.io/prometheus/prometheus:v3.13.0	quay.io/prometheus/prometheus@sha256:b5893486a76520f4de6e587f5c1173e6349a8225766f799ce2ae4b5715b4c1c3
dhi.io/prometheus-config-reloader:0.89.0-debian13	dhi.io/prometheus-config-reloader@sha256:a0ad1abcfcb0aef00e751ebf9cd3e637867f08dbadcd8d76433af2348a30d929
dhi.io/alertmanager:0.31.1-debian13	dhi.io/alertmanager@sha256:c0567187e62874a4b66a24fee447023064022dc8e3b043d63f30c64c5fb2a4a8
dhi.io/kube-state-metrics:2.18.0-debian13	dhi.io/kube-state-metrics@sha256:166ad3f90e306f2bfe6cb09996943fa2bac4ed1bfe629e0f04d70e3d8bd82349
dhi.io/node-exporter:1.10.2-debian13	dhi.io/node-exporter@sha256:33f1b8a7252315416840dc3edf043ddd0a49f667066e125991e92112daa39073
docker.io/victoriametrics/victoria-logs:v1.51.0	docker.io/victoriametrics/victoria-logs@sha256:02e3f3765e827aec542c1823be21a37fc7d41d47d28887c5141039571fdd4b42
quay.io/kiwigrid/k8s-sidecar:2.5.0	quay.io/kiwigrid/k8s-sidecar@sha256:3062615be9970f548de2e0b471911b1101f19fcf41ee6aaf2b2812a91170a1c2
docker.io/grafana/grafana:12.3.1	docker.io/grafana/grafana@sha256:62c1a430ef163ae4a8b3713874dbd1fc1d0e179168f236946e5420df5597207c
ghcr.io/headlamp-k8s/headlamp:v0.43.0	ghcr.io/headlamp-k8s/headlamp@sha256:1d62ec17d022789edd64dfea23286ec96c686c192a834c6fa2f39f64a693c4ae
node:lts-alpine	node@sha256:eef73a25205e27bd016ce672af71560ad6b681142ddf00ff63c7b3098eafcd4d
registry.k8s.io/metrics-server/metrics-server:v0.8.1	registry.k8s.io/metrics-server/metrics-server@sha256:9ece07f21cfaf3c2398bd4e0de1f127cfad23ec40d29ceffd8323b4f34744eb8
ghcr.io/external-secrets/external-secrets:v2.7.0	ghcr.io/external-secrets/external-secrets@sha256:aae662d00de21684d8288da1b92f495a094aed607570f205af31ebb821b60d79
quay.io/argoproj/argo-rollouts:v1.9.0	quay.io/argoproj/argo-rollouts@sha256:4cefd6107ddd953c995188b1d8c3b60d4cefbc0d1909417cdb193758b57a36cd
quay.io/keycloak/keycloak:26.6.4	quay.io/keycloak/keycloak@sha256:e01d6e9c68cdfcc1f5518ad2722ab6e8a827ad10ea3143818b4885625908f05a
docker.io/postgres:17.6	docker.io/postgres@sha256:ac74e8c63c516b1f81fbaaede0663981399f80e42369431136b2455557f8547b
dhi.io/oauth2-proxy:7.15.3-debian13	dhi.io/oauth2-proxy@sha256:87c3a8fc96b5dc70d4b8d87d8768409b2cdc7a9f95e76151eca81fafe5babde3
docker.io/langfuse/langfuse:3	docker.io/langfuse/langfuse@sha256:071ac625ddcfc20bbe5075c3e0a0fdbb4fb62d05a49f92c8fc4d66c00078f73f
docker.io/langfuse/langfuse-worker:3	docker.io/langfuse/langfuse-worker@sha256:cd18e1c66ffe7f1be7d14580a9c00d9ef7567e1ea63d3acdb79437cd8d67630a
docker.io/postgres:17.6-alpine	docker.io/postgres@sha256:9b9fb55f7e3b2149854def33c728b781dc44d1c5e86492ad62912a527ae234b3
docker.io/redis:8.2.7-alpine	docker.io/redis@sha256:2322055b54f74ab399ef319077ecc75fa3a45361ac345b1a27ae1248b0c2c837
docker.io/clickhouse/clickhouse-server:25.5.11	docker.io/clickhouse/clickhouse-server@sha256:6b9260b83a6d5ca33af2fa2efffdfba97de9402e745e7b301dad12b248654dac
cgr.dev/chainguard/minio:latest	cgr.dev/chainguard/minio@sha256:bfa5bc3b6f900888a64526e43391e606e12644d045a47af44f18e61cd057c37d
cgr.dev/chainguard/busybox:latest	cgr.dev/chainguard/busybox@sha256:ebf82a5fa4a10ce5edc54d5218e266f0bd2297a96640a41166199beb89e341c1
otel/opentelemetry-collector-contrib:0.155.0	otel/opentelemetry-collector-contrib@sha256:c148a78df7269327c4efec3fc9a56ca37ce7f8ce03c424146cc7bfecae419138
mcr.microsoft.com/playwright:v1.58.2-noble	mcr.microsoft.com/playwright@sha256:68f1c3dca663d0e8331e8af4681b0b315eca7de1bd7fa934aac0accbeb9f8323
docker:29.4.3-cli	docker@sha256:123027172e3a9aa0dd5b5b622c58fa62b187c071c8e0f32da25229074ca457d4
gitea/act_runner:0.4.1	gitea/act_runner@sha256:56cc968b104b34c72bf7a564d78b60fb2e5a531a9c0783e03ef6328a5d33bb45
kindest/node:v1.36.1@sha256:3489c7674813ba5d8b1a9977baea8a6e553784dab7b84759d1014dbd78f7ebd5	kindest/node@sha256:3489c7674813ba5d8b1a9977baea8a6e553784dab7b84759d1014dbd78f7ebd5
ghcr.io/astral-sh/uv:0.10.4	ghcr.io/astral-sh/uv@sha256:2c51f61a7cfbd85154b74cd3466bcd2aa2a382c08585c1c4bae0ca311cbab7fe
dhi.io/golang:1.26-alpine3.23-dev	dhi.io/golang@sha256:a13d219b9ffe696d71ebc8f660990f055060e5e404a436b673923bdfc8c0bedd
dhi.io/static:20260413-alpine3.23	dhi.io/static@sha256:9729cb7cc7394d8fa1bd07ac69c8cbbf103bc7b135ec75016504f4d0aa84fcc2
dhi.io/node:22-debian13	dhi.io/node@sha256:8f0feed3f4a36b1799134141420b6088dfdea63d4d88d95c64e3eb4b2c3a634a
dhi.io/python:3.13-debian13	dhi.io/python@sha256:2cd284d45d9ebe82b5698924699c84c3b95211690c7b80739956313341b450ad
dhi.io/python:3.13-debian13-dev	dhi.io/python@sha256:9db660ea378453a43c66446f3df8b6f6aef2d1274b462c0ab16d22f43799416f
python:3.13-slim	python@sha256:2a0c4c36359b0ab47018161d37b2ce2d9c5bd9c3c60879b747559cd4275d9332
dhi.io/nginx:1.29.5-debian13	dhi.io/nginx@sha256:e7d70fae56c9f86ce4f41d3fb2607ccd042e6a372fc1e6f0768f7d7a4e83c728
python:3.12.13-alpine3.23	python@sha256:30516d6696a9debb0d9812d5d18a1b8301586423cd8260c38804034ca2413d78
docker.io/curlimages/curl:8.19.0	docker.io/curlimages/curl@sha256:72310b09e86a27f9a20342247c77a8efd1d28c6e8c4d0d67e14bfa832c661c81
curlimages/curl:8.19.0	curlimages/curl@sha256:72310b09e86a27f9a20342247c77a8efd1d28c6e8c4d0d67e14bfa832c661c81
