quay.io/cilium/cilium:v1.20.1	quay.io/cilium/cilium@sha256:ae9ea21f7427fe24bc6ea7247eb552157a1b0a431744045d3f641545ca71d11b
quay.io/cilium/operator-generic:v1.20.1	quay.io/cilium/operator-generic@sha256:6c3885fc7b629099fdbe2a5c87869c86feb825fa18fae299eac0f61918d16ecf
quay.io/cilium/hubble-relay:v1.20.1	quay.io/cilium/hubble-relay@sha256:59be0ae7d475ab9011a5e954618c0f27b5778b17140381425b308b55ba4917f4
quay.io/cilium/hubble-ui-backend:v0.13.5	quay.io/cilium/hubble-ui-backend@sha256:326d275d38ac5d64c626943e6e1c68bd019f9b0a13d9994e320460e0391b099a
quay.io/cilium/hubble-ui:v0.13.5	quay.io/cilium/hubble-ui@sha256:573ad7e0dc2180b844fdda80afbe6011e3b9d0cd2c33180ccb9b60bcd08fdb4b
ghcr.io/nginx/nginx-gateway-fabric:2.5.1	ghcr.io/nginx/nginx-gateway-fabric@sha256:30172fc9bdebd145c250e81500b6112f989afd9956e0e7606f504bf16de28f88
ghcr.io/nginx/nginx-gateway-fabric/nginx:2.5.1	ghcr.io/nginx/nginx-gateway-fabric/nginx@sha256:908376c8bc6b99e48312a212116f3a548805a94619484640617d89ff79514989
quay.io/argoproj/argocd:v3.4.5	quay.io/argoproj/argocd@sha256:639b204272c87a1e2837aaaf235b0e35d7cff3f5d686692effbe0b277775861d
ecr-public.aws.com/docker/library/redis:8.2.7-alpine	-
docker.gitea.com/gitea:1.27.0-rootless	docker.gitea.com/gitea@sha256:c370be7001817d2ce7e5d63a68e6613f95bd0105c34e45a144d577b8a1dd7a66
dhi.io/kyverno:1.18.2-debian13	dhi.io/kyverno@sha256:e862b6ac034b4739470bdd592a78e7efa5249b0878f56ac6e1950af7eb538c8b
dhi.io/kyverno-init:1.18.2-debian13	dhi.io/kyverno-init@sha256:6b78b2c0761d39cff22e164a4b55203d8913e6060d68025a18e7901badce71b9
dhi.io/kyverno-background-controller:1.18.2-debian13	dhi.io/kyverno-background-controller@sha256:3066ace7fec5aa80d8eab338ddb76a5d8806208b3a27ffa8b73ecaaa88b2eb3a
dhi.io/kyverno-cleanup-controller:1.18.2-debian13	dhi.io/kyverno-cleanup-controller@sha256:66814740c7f97a908c6e50d33d32e822d3fc5be38b20a1f355c37841e8a1f88f
dhi.io/kyverno-reports-controller:1.18.2-debian13	dhi.io/kyverno-reports-controller@sha256:123a84239fb6ca84171dcf5c776b10978c70f518ab99a80c700ae12ae5acb5b0
ghcr.io/kyverno/readiness-checker:v0.1.0	ghcr.io/kyverno/readiness-checker@sha256:c54c0aa24d536f7a31ed854db4f2b2d6863b41d7d85725e21f80cd318c4e815b
quay.io/jetstack/cert-manager-controller:v1.21.1	quay.io/jetstack/cert-manager-controller@sha256:9a2807ada15c98aea85162bed3a9d602a5a4760206158661433be0b3ea133837
quay.io/jetstack/cert-manager-webhook:v1.21.1	quay.io/jetstack/cert-manager-webhook@sha256:f6ed5d53a40429c99a28b68ce0429f3d75ac9588403519c6772a76df35f37695
quay.io/jetstack/cert-manager-cainjector:v1.21.1	quay.io/jetstack/cert-manager-cainjector@sha256:0c5930d51b9acc07b1d1f6befa46bdc3591fc52c0254f6209bf595eb5fdb3b7c
quay.io/jetstack/cert-manager-startupapicheck:v1.21.1	quay.io/jetstack/cert-manager-startupapicheck@sha256:70a55b1c510c23e60767453633f925cef0434528e5130657f457d83769700863
quay.io/prometheus/prometheus:v3.14.0	quay.io/prometheus/prometheus@sha256:5ce7540c3c00ef4ab0c9d2c995c6a5b9c421f44b4a115d97a2c7af3b1c21cbb0
dhi.io/prometheus-config-reloader:0.89.0-debian13	dhi.io/prometheus-config-reloader@sha256:a0ad1abcfcb0aef00e751ebf9cd3e637867f08dbadcd8d76433af2348a30d929
dhi.io/alertmanager:0.31.1-debian13	dhi.io/alertmanager@sha256:c0567187e62874a4b66a24fee447023064022dc8e3b043d63f30c64c5fb2a4a8
dhi.io/kube-state-metrics:2.18.0-debian13	dhi.io/kube-state-metrics@sha256:166ad3f90e306f2bfe6cb09996943fa2bac4ed1bfe629e0f04d70e3d8bd82349
dhi.io/node-exporter:1.10.2-debian13	dhi.io/node-exporter@sha256:33f1b8a7252315416840dc3edf043ddd0a49f667066e125991e92112daa39073
docker.io/victoriametrics/victoria-logs:v1.52.0	docker.io/victoriametrics/victoria-logs@sha256:dd437a2ab011dca91f1591f9d70bc741f74ac43f34c1587192f48af058bc7dfc
quay.io/kiwigrid/k8s-sidecar:2.5.0	quay.io/kiwigrid/k8s-sidecar@sha256:3062615be9970f548de2e0b471911b1101f19fcf41ee6aaf2b2812a91170a1c2
docker.io/grafana/grafana:12.3.1	docker.io/grafana/grafana@sha256:62c1a430ef163ae4a8b3713874dbd1fc1d0e179168f236946e5420df5597207c
ghcr.io/headlamp-k8s/headlamp:v0.45.0	ghcr.io/headlamp-k8s/headlamp@sha256:db3f0e0fc58d358d41daa3fe7fc852437552c7ee873c3645470f7b86a8e0db49
node:lts-alpine	node@sha256:0e6f1567e269207c28295276928277a030139cbc5a0fb7d5bd2674f0401a9082
registry.k8s.io/metrics-server/metrics-server:v0.8.1	registry.k8s.io/metrics-server/metrics-server@sha256:9ece07f21cfaf3c2398bd4e0de1f127cfad23ec40d29ceffd8323b4f34744eb8
ghcr.io/external-secrets/external-secrets:v2.7.0	ghcr.io/external-secrets/external-secrets@sha256:aae662d00de21684d8288da1b92f495a094aed607570f205af31ebb821b60d79
quay.io/argoproj/argo-rollouts:v1.9.0	quay.io/argoproj/argo-rollouts@sha256:4cefd6107ddd953c995188b1d8c3b60d4cefbc0d1909417cdb193758b57a36cd
quay.io/keycloak/keycloak:26.6.4	quay.io/keycloak/keycloak@sha256:e01d6e9c68cdfcc1f5518ad2722ab6e8a827ad10ea3143818b4885625908f05a
docker.io/postgres:17.6	docker.io/postgres@sha256:ac74e8c63c516b1f81fbaaede0663981399f80e42369431136b2455557f8547b
dhi.io/oauth2-proxy:7.15.3-debian13	dhi.io/oauth2-proxy@sha256:3af13d191d27baa2488ab1e2889788631a7228dc1bb5553f085ec96f994d2db1
docker.io/langfuse/langfuse:3	docker.io/langfuse/langfuse@sha256:75e082b06b5424249ecf88478e8a0dca039fdfbebcfcedc61190547820f964bb
docker.io/langfuse/langfuse-worker:3	docker.io/langfuse/langfuse-worker@sha256:5d609182290f3df71bde1e16aa5c41a6056d6b1395136d5025a482ebee0412b1
docker.io/postgres:17.6-alpine	docker.io/postgres@sha256:9b9fb55f7e3b2149854def33c728b781dc44d1c5e86492ad62912a527ae234b3
docker.io/redis:8.2.7-alpine	docker.io/redis@sha256:2322055b54f74ab399ef319077ecc75fa3a45361ac345b1a27ae1248b0c2c837
docker.io/clickhouse/clickhouse-server:25.5.11	docker.io/clickhouse/clickhouse-server@sha256:6b9260b83a6d5ca33af2fa2efffdfba97de9402e745e7b301dad12b248654dac
cgr.dev/chainguard/minio:latest	cgr.dev/chainguard/minio@sha256:8000140b02a9ee212834107332eada7e80ec1326b97418d66f36ec4b9bf14ca3
cgr.dev/chainguard/busybox:latest	cgr.dev/chainguard/busybox@sha256:503c9edbe0a71b01aca0305cf7520c825b2dfb56c7992ccf4e93d842b668681d
otel/opentelemetry-collector-contrib:0.158.0	otel/opentelemetry-collector-contrib@sha256:c5918f78992ee73b0d6f0e599423ac5ec52dd5d9726733114d6eca53d5a32ed5
mcr.microsoft.com/playwright:v1.58.2-noble	mcr.microsoft.com/playwright@sha256:68f1c3dca663d0e8331e8af4681b0b315eca7de1bd7fa934aac0accbeb9f8323
docker:29.4.3-cli	docker@sha256:123027172e3a9aa0dd5b5b622c58fa62b187c071c8e0f32da25229074ca457d4
gitea/act_runner:0.4.1	gitea/act_runner@sha256:56cc968b104b34c72bf7a564d78b60fb2e5a531a9c0783e03ef6328a5d33bb45
kindest/node:v1.36.1@sha256:3489c7674813ba5d8b1a9977baea8a6e553784dab7b84759d1014dbd78f7ebd5	kindest/node@sha256:3489c7674813ba5d8b1a9977baea8a6e553784dab7b84759d1014dbd78f7ebd5
ghcr.io/astral-sh/uv:0.10.4	ghcr.io/astral-sh/uv@sha256:2c51f61a7cfbd85154b74cd3466bcd2aa2a382c08585c1c4bae0ca311cbab7fe
dhi.io/golang:1.26-alpine3.23-dev	dhi.io/golang@sha256:aa896535643a265e924b30efbcdb461d5c0003b6879ebabf59b27360e2619059
dhi.io/static:20260413-alpine3.23	dhi.io/static@sha256:9729cb7cc7394d8fa1bd07ac69c8cbbf103bc7b135ec75016504f4d0aa84fcc2
dhi.io/node:22-debian13	dhi.io/node@sha256:950e958e8e34b3f573cbd2595c539abff25c5eaa105faa6c6a347fc331d77001
dhi.io/python:3.13-debian13	dhi.io/python@sha256:22f91f216bf66293dd8678f3e04041dd8847fb6781f093c653e3787edc055cea
dhi.io/python:3.13-debian13-dev	dhi.io/python@sha256:7da542a1bb18a4bbbf63b1aa2212804cf6c4bc8527a6b3f0fd5a40063a50252b
python:3.13-slim	python@sha256:8c5de2243cba89f49a93e05cacb78e27058bcaa69c148baac127005da03af39e
dhi.io/nginx:1.29.5-debian13	dhi.io/nginx@sha256:e7d70fae56c9f86ce4f41d3fb2607ccd042e6a372fc1e6f0768f7d7a4e83c728
python:3.12.13-alpine3.23	python@sha256:30516d6696a9debb0d9812d5d18a1b8301586423cd8260c38804034ca2413d78
docker.io/curlimages/curl:8.19.0	docker.io/curlimages/curl@sha256:72310b09e86a27f9a20342247c77a8efd1d28c6e8c4d0d67e14bfa832c661c81
curlimages/curl:8.19.0	curlimages/curl@sha256:72310b09e86a27f9a20342247c77a8efd1d28c6e8c4d0d67e14bfa832c661c81
