quay.io/cilium/cilium:v1.19.5	quay.io/cilium/cilium@sha256:5c015f48229b4794e11d8334745e397b3e787e04c3c7b2cc797af290e20d8f62
quay.io/cilium/operator-generic:v1.19.5	quay.io/cilium/operator-generic@sha256:b1ef1a6e3a35ef65cc089095b970dcd4c2e2476b96911df016ea2adc7172441a
quay.io/cilium/hubble-relay:v1.19.5	quay.io/cilium/hubble-relay@sha256:741adc6bd50633cce44ff3336490ab8d5312aef7c14b1562ec6ff6d55cea69b1
quay.io/cilium/hubble-ui-backend:v0.13.3	quay.io/cilium/hubble-ui-backend@sha256:87cd916355cb56798a2d90cd46d3e5694c6e99412515e7ac123fd194d53fe736
quay.io/cilium/hubble-ui:v0.13.3	quay.io/cilium/hubble-ui@sha256:97984d00bbd7fb233a71255b98c83ef203efae43be9a268d0e9e0483c30c0256
ghcr.io/nginx/nginx-gateway-fabric:2.5.1	ghcr.io/nginx/nginx-gateway-fabric@sha256:30172fc9bdebd145c250e81500b6112f989afd9956e0e7606f504bf16de28f88
ghcr.io/nginx/nginx-gateway-fabric/nginx:2.5.1	ghcr.io/nginx/nginx-gateway-fabric/nginx@sha256:908376c8bc6b99e48312a212116f3a548805a94619484640617d89ff79514989
quay.io/argoproj/argocd:v3.4.5	quay.io/argoproj/argocd@sha256:639b204272c87a1e2837aaaf235b0e35d7cff3f5d686692effbe0b277775861d
ecr-public.aws.com/docker/library/redis:8.2.7-alpine	-
docker.gitea.com/gitea:1.26.4-rootless	docker.gitea.com/gitea@sha256:d739144f0bafcbb0e5b28b692637ba4b008809e61816cbd94477d9d32ed9c60b
dhi.io/kyverno:1.18.2-debian13	dhi.io/kyverno@sha256:8d4946f0c3aa12a0c516ad443b9c55054b08d090aaf26360609f8d3fe64d30dc
dhi.io/kyverno-init:1.18.2-debian13	dhi.io/kyverno-init@sha256:1e798ce21560d350df234dc30fcd1a206ae93337c3936fa52a1a06144c32db16
dhi.io/kyverno-background-controller:1.18.2-debian13	dhi.io/kyverno-background-controller@sha256:ea5320a2fead91a258d45ad772097bb0fc38777bbd80c38042314e138af7e63d
dhi.io/kyverno-cleanup-controller:1.18.2-debian13	dhi.io/kyverno-cleanup-controller@sha256:90a1e1482d47f2ff22cc2f24047a3c9e9fe2a1616fbbad298ff79b846625813c
dhi.io/kyverno-reports-controller:1.18.2-debian13	dhi.io/kyverno-reports-controller@sha256:819da829c18a0c596058a03c2a68e3cffb2c2de9c8cea38c2cb77548156779b1
ghcr.io/kyverno/readiness-checker:v0.1.0	ghcr.io/kyverno/readiness-checker@sha256:c54c0aa24d536f7a31ed854db4f2b2d6863b41d7d85725e21f80cd318c4e815b
quay.io/jetstack/cert-manager-controller:v1.21.0	quay.io/jetstack/cert-manager-controller@sha256:11494ff2aae47908ef33bc436660e605fec3809dafda35cdb777939909fa0253
quay.io/jetstack/cert-manager-webhook:v1.21.0	quay.io/jetstack/cert-manager-webhook@sha256:c58bea1e83746e990d5622f39c636896a2eddfb6a871e785ae378f7dfb8ec538
quay.io/jetstack/cert-manager-cainjector:v1.21.0	quay.io/jetstack/cert-manager-cainjector@sha256:0583d676e24d4ff0d183342228be379e1ba420c74122bb9bcffeac4727b09248
quay.io/jetstack/cert-manager-startupapicheck:v1.21.0	quay.io/jetstack/cert-manager-startupapicheck@sha256:6ad5099ec38fc74b4950073147b223cf70a454e960af87c29323859d544f6106
quay.io/prometheus/prometheus:v3.13.0	quay.io/prometheus/prometheus@sha256:b5893486a76520f4de6e587f5c1173e6349a8225766f799ce2ae4b5715b4c1c3
dhi.io/prometheus-config-reloader:0.89.0-debian13	dhi.io/prometheus-config-reloader@sha256:a0ad1abcfcb0aef00e751ebf9cd3e637867f08dbadcd8d76433af2348a30d929
dhi.io/alertmanager:0.31.1-debian13	dhi.io/alertmanager@sha256:c0567187e62874a4b66a24fee447023064022dc8e3b043d63f30c64c5fb2a4a8
dhi.io/kube-state-metrics:2.18.0-debian13	dhi.io/kube-state-metrics@sha256:166ad3f90e306f2bfe6cb09996943fa2bac4ed1bfe629e0f04d70e3d8bd82349
dhi.io/node-exporter:1.10.2-debian13	dhi.io/node-exporter@sha256:33f1b8a7252315416840dc3edf043ddd0a49f667066e125991e92112daa39073
docker.io/victoriametrics/victoria-logs:v1.51.0	docker.io/victoriametrics/victoria-logs@sha256:02e3f3765e827aec542c1823be21a37fc7d41d47d28887c5141039571fdd4b42
quay.io/kiwigrid/k8s-sidecar:2.5.0	quay.io/kiwigrid/k8s-sidecar@sha256:3062615be9970f548de2e0b471911b1101f19fcf41ee6aaf2b2812a91170a1c2
docker.io/grafana/grafana:12.3.1	docker.io/grafana/grafana@sha256:62c1a430ef163ae4a8b3713874dbd1fc1d0e179168f236946e5420df5597207c
ghcr.io/headlamp-k8s/headlamp:v0.43.0	ghcr.io/headlamp-k8s/headlamp@sha256:1d62ec17d022789edd64dfea23286ec96c686c192a834c6fa2f39f64a693c4ae
node:lts-alpine	node@sha256:eef73a25205e27bd016ce672af71560ad6b681142ddf00ff63c7b3098eafcd4d
registry.k8s.io/metrics-server/metrics-server:v0.8.1	registry.k8s.io/metrics-server/metrics-server@sha256:9ece07f21cfaf3c2398bd4e0de1f127cfad23ec40d29ceffd8323b4f34744eb8
ghcr.io/external-secrets/external-secrets:v2.7.0	ghcr.io/external-secrets/external-secrets@sha256:aae662d00de21684d8288da1b92f495a094aed607570f205af31ebb821b60d79
quay.io/argoproj/argo-rollouts:v1.9.0	quay.io/argoproj/argo-rollouts@sha256:4cefd6107ddd953c995188b1d8c3b60d4cefbc0d1909417cdb193758b57a36cd
quay.io/keycloak/keycloak:26.6.4	quay.io/keycloak/keycloak@sha256:e01d6e9c68cdfcc1f5518ad2722ab6e8a827ad10ea3143818b4885625908f05a
docker.io/postgres:17.6	docker.io/postgres@sha256:ac74e8c63c516b1f81fbaaede0663981399f80e42369431136b2455557f8547b
dhi.io/oauth2-proxy:7.15.3-debian13	dhi.io/oauth2-proxy@sha256:bb18e7312910e23c85706ec30b546206b1713c01e975030c21be813c0b257cfe
docker.io/langfuse/langfuse:3	docker.io/langfuse/langfuse@sha256:557424761de5f1f952598c567ac1dc55255da2de27f331066a893b53c2a2c41b
docker.io/langfuse/langfuse-worker:3	docker.io/langfuse/langfuse-worker@sha256:4646966e91ba9aa57e5228f9b7a22b800069dd576fe983a9ea4ab015c02a39bd
docker.io/postgres:17.6-alpine	docker.io/postgres@sha256:9b9fb55f7e3b2149854def33c728b781dc44d1c5e86492ad62912a527ae234b3
docker.io/redis:8.2.7-alpine	docker.io/redis@sha256:2322055b54f74ab399ef319077ecc75fa3a45361ac345b1a27ae1248b0c2c837
docker.io/clickhouse/clickhouse-server:25.5.11	docker.io/clickhouse/clickhouse-server@sha256:6b9260b83a6d5ca33af2fa2efffdfba97de9402e745e7b301dad12b248654dac
cgr.dev/chainguard/minio:latest	cgr.dev/chainguard/minio@sha256:9a11e833bb501380d1c6eb7cf1fa38ec4e96c9e4b45f82057107e618a8de7f43
cgr.dev/chainguard/busybox:latest	cgr.dev/chainguard/busybox@sha256:ebf82a5fa4a10ce5edc54d5218e266f0bd2297a96640a41166199beb89e341c1
otel/opentelemetry-collector-contrib:0.156.0	otel/opentelemetry-collector-contrib@sha256:75cebcccda72f780677626a324a02e0754f7b082ca982ec6033144c4d532d18f
mcr.microsoft.com/playwright:v1.58.2-noble	mcr.microsoft.com/playwright@sha256:68f1c3dca663d0e8331e8af4681b0b315eca7de1bd7fa934aac0accbeb9f8323
docker:29.4.3-cli	docker@sha256:123027172e3a9aa0dd5b5b622c58fa62b187c071c8e0f32da25229074ca457d4
gitea/act_runner:0.4.1	gitea/act_runner@sha256:56cc968b104b34c72bf7a564d78b60fb2e5a531a9c0783e03ef6328a5d33bb45
kindest/node:v1.36.1@sha256:3489c7674813ba5d8b1a9977baea8a6e553784dab7b84759d1014dbd78f7ebd5	kindest/node@sha256:3489c7674813ba5d8b1a9977baea8a6e553784dab7b84759d1014dbd78f7ebd5
ghcr.io/astral-sh/uv:0.10.4	ghcr.io/astral-sh/uv@sha256:2c51f61a7cfbd85154b74cd3466bcd2aa2a382c08585c1c4bae0ca311cbab7fe
dhi.io/golang:1.26-alpine3.23-dev	dhi.io/golang@sha256:a13d219b9ffe696d71ebc8f660990f055060e5e404a436b673923bdfc8c0bedd
dhi.io/static:20260413-alpine3.23	dhi.io/static@sha256:9729cb7cc7394d8fa1bd07ac69c8cbbf103bc7b135ec75016504f4d0aa84fcc2
dhi.io/node:22-debian13	dhi.io/node@sha256:44f0df54d65da444f1fb6c9e90b62ee98fd5dc9069054f824cd7d08e9cd75b84
dhi.io/python:3.13-debian13	dhi.io/python@sha256:081994a2cc8400f8c6f12afdcd50a94addbb10d6aa52d6e85a1962ce4b2972ff
dhi.io/python:3.13-debian13-dev	dhi.io/python@sha256:76781452adc6045ee4575c014c92457d370580f83406e6e863c5a414e6126117
python:3.13-slim	python@sha256:800ac3fc34cb04346a5669cc677cb4d65e23be59e1b64a1efa60fe4b230263ff
dhi.io/nginx:1.29.5-debian13	dhi.io/nginx@sha256:e7d70fae56c9f86ce4f41d3fb2607ccd042e6a372fc1e6f0768f7d7a4e83c728
python:3.12.13-alpine3.23	python@sha256:30516d6696a9debb0d9812d5d18a1b8301586423cd8260c38804034ca2413d78
docker.io/curlimages/curl:8.19.0	docker.io/curlimages/curl@sha256:72310b09e86a27f9a20342247c77a8efd1d28c6e8c4d0d67e14bfa832c661c81
curlimages/curl:8.19.0	curlimages/curl@sha256:72310b09e86a27f9a20342247c77a8efd1d28c6e8c4d0d67e14bfa832c661c81
